
Microsoft Visual Studio Solution File, Format Version 12.00
# Visual Studio Version 17
VisualStudioVersion = 17.14.36121.58
MinimumVisualStudioVersion = 10.0.40219.1
Project("{FAE04EC0-301F-11D3-BF4B-00C04F79EFBC}") = "Enzivor.Api", "Enzivor.Api.csproj", "{3F9F6AEE-7FA9-45FE-BB7C-C2C634B0842C}"
EndProject
Global
	GlobalSection(SolutionConfigurationPlatforms) = preSolution
		Debug|Any CPU = Debug|Any CPU
		Release|Any CPU = Release|Any CPU
	EndGlobalSection
	GlobalSection(ProjectConfigurationPlatforms) = postSolution
		{3F9F6AEE-7FA9-45FE-BB7C-C2C634B0842C}.Debug|Any CPU.ActiveCfg = Debug|Any CPU
		{3F9F6AEE-7FA9-45FE-BB7C-C2C634B0842C}.Debug|Any CPU.Build.0 = Debug|Any CPU
		{3F9F6AEE-7FA9-45FE-BB7C-C2C634B0842C}.Release|Any CPU.ActiveCfg = Release|Any CPU
		{3F9F6AEE-7FA9-45FE-BB7C-C2C634B0842C}.Release|Any CPU.Build.0 = Release|Any CPU
	EndGlobalSection
	GlobalSection(SolutionProperties) = preSolution
		HideSolutionNode = FALSE
	EndGlobalSection
	GlobalSection(ExtensibilityGlobals) = postSolution
		SolutionGuid = {5326669C-DD90-4B13-B4E7-BF798DE60DC1}
	EndGlobalSection
EndGlobal
